Microsoft Visual Studio Solution File, Format Version 12.00
# Visual Studio Version 17
VisualStudioVersion = 17.5.2.0
MinimumVisualStudioVersion = 10.0.40219.1
Project("{FAE04EC0-301F-11D3-BF4B-00C04F79EFBC}") = "InheritanceDemo", "InheritanceDemo\InheritanceDemo.csproj", "{A3648F6E-F30D-F7B0-0DDF-D3D89350BFAC}"
EndProject
Global
	GlobalSection(SolutionConfigurationPlatforms) = preSolution
		Debug|Any CPU = Debug|Any CPU
		Release|Any CPU = Release|Any CPU
	EndGlobalSection
	GlobalSection(ProjectConfigurationPlatforms) = postSolution
		{A3648F6E-F30D-F7B0-0DDF-D3D89350BFAC}.Debug|Any CPU.ActiveCfg = Debug|Any CPU
		{A3648F6E-F30D-F7B0-0DDF-D3D89350BFAC}.Debug|Any CPU.Build.0 = Debug|Any CPU
		{A3648F6E-F30D-F7B0-0DDF-D3D89350BFAC}.Release|Any CPU.ActiveCfg = Release|Any CPU
		{A3648F6E-F30D-F7B0-0DDF-D3D89350BFAC}.Release|Any CPU.Build.0 = Release|Any CPU
	EndGlobalSection
	GlobalSection(SolutionProperties) = preSolution
		HideSolutionNode = FALSE
	EndGlobalSection
	GlobalSection(ExtensibilityGlobals) = postSolution
		SolutionGuid = {C8F18C0F-4D55-409E-AC3B-18A1ADD7F2C8}
	EndGlobalSection
EndGlobal
